
Microsoft Visual Studio Solution File, Format Version 12.00
# Visual Studio Version 17
VisualStudioVersion = 17.4.33122.133
MinimumVisualStudioVersion = 10.0.40219.1
Project("{9A19103F-16F7-4668-BE54-9A1E7A4F7556}") = "WebApplication2", "WebApplication2\WebApplication2.csproj", "{14E41669-BE85-49FB-99EA-D4FC62A17FB0}"
EndProject
Project("{2150E333-8FDC-42A3-9474-1A3956D46DE8}") = "Shop.BLLInterfaces", "Shop.BLLInterfaces", "{3A61DF1C-FCD6-46C8-A695-2527ECB0D7E7}"
EndProject
Project("{2150E333-8FDC-42A3-9474-1A3956D46DE8}") = "Shop.BLL", "Shop.BLL", "{BF05E753-B6E5-4BDC-929D-7EABD54C9C52}"
EndProject
Project("{2150E333-8FDC-42A3-9474-1A3956D46DE8}") = "Shop.PL", "Shop.PL", "{77497C41-7A05-4C5A-BAF0-15B81512DA90}"
EndProject
Project("{2150E333-8FDC-42A3-9474-1A3956D46DE8}") = "Shop.DALInterfaces", "Shop.DALInterfaces", "{140EF980-A06A-403F-A753-2E3DE82994FE}"
EndProject
Project("{2150E333-8FDC-42A3-9474-1A3956D46DE8}") = "Shop.Entities", "Shop.Entities", "{986784F6-76F1-4B04-883B-9CA9AB368AD5}"
EndProject
Project("{FAE04EC0-301F-11D3-BF4B-00C04F79EFBC}") = "Shop.BLL", "Shop.BLL\Shop.BLL.csproj", "{2CB06BE5-4F13-4E7B-ACBA-E3A2679C193F}"
EndProject
Project("{2150E333-8FDC-42A3-9474-1A3956D46DE8}") = "Shop.DAL", "Shop.DAL", "{0518F331-F8F3-4218-94BB-5E3ABDB4ECCB}"
EndProject
Project("{FAE04EC0-301F-11D3-BF4B-00C04F79EFBC}") = "Shop.DAL", "Shop.DAL\Shop.DAL.csproj", "{8409B733-D147-48D8-A7C3-0E9B98C1769C}"
EndProject
Project("{FAE04EC0-301F-11D3-BF4B-00C04F79EFBC}") = "Shop.Entities", "Shop.Entities\Shop.Entities.csproj", "{5BA7170C-2118-4F0E-89BD-D85833803F5D}"
EndProject
Project("{FAE04EC0-301F-11D3-BF4B-00C04F79EFBC}") = "Shop.BLL.Interfaces", "Shop.BLL.Interfaces\Shop.BLL.Interfaces.csproj", "{BF2D0EA5-B938-4D61-9C8F-958191BEC0B8}"
EndProject
Project("{FAE04EC0-301F-11D3-BF4B-00C04F79EFBC}") = "Shop.DAL.Interfaces", "Shop.DAL.Interfaces\Shop.DAL.Interfaces.csproj", "{B3E466A7-90EA-470E-B78F-BF3D52A13095}"
EndProject
Global
	GlobalSection(SolutionConfigurationPlatforms) = preSolution
		Debug|Any CPU = Debug|Any CPU
		Release|Any CPU = Release|Any CPU
	EndGlobalSection
	GlobalSection(ProjectConfigurationPlatforms) = postSolution
		{14E41669-BE85-49FB-99EA-D4FC62A17FB0}.Debug|Any CPU.ActiveCfg = Debug|Any CPU
		{14E41669-BE85-49FB-99EA-D4FC62A17FB0}.Debug|Any CPU.Build.0 = Debug|Any CPU
		{14E41669-BE85-49FB-99EA-D4FC62A17FB0}.Release|Any CPU.ActiveCfg = Release|Any CPU
		{14E41669-BE85-49FB-99EA-D4FC62A17FB0}.Release|Any CPU.Build.0 = Release|Any CPU
		{2CB06BE5-4F13-4E7B-ACBA-E3A2679C193F}.Debug|Any CPU.ActiveCfg = Debug|Any CPU
		{2CB06BE5-4F13-4E7B-ACBA-E3A2679C193F}.Debug|Any CPU.Build.0 = Debug|Any CPU
		{2CB06BE5-4F13-4E7B-ACBA-E3A2679C193F}.Release|Any CPU.ActiveCfg = Release|Any CPU
		{2CB06BE5-4F13-4E7B-ACBA-E3A2679C193F}.Release|Any CPU.Build.0 = Release|Any CPU
		{8409B733-D147-48D8-A7C3-0E9B98C1769C}.Debug|Any CPU.ActiveCfg = Debug|Any CPU
		{8409B733-D147-48D8-A7C3-0E9B98C1769C}.Debug|Any CPU.Build.0 = Debug|Any CPU
		{8409B733-D147-48D8-A7C3-0E9B98C1769C}.Release|Any CPU.ActiveCfg = Release|Any CPU
		{8409B733-D147-48D8-A7C3-0E9B98C1769C}.Release|Any CPU.Build.0 = Release|Any CPU
		{5BA7170C-2118-4F0E-89BD-D85833803F5D}.Debug|Any CPU.ActiveCfg = Debug|Any CPU
		{5BA7170C-2118-4F0E-89BD-D85833803F5D}.Debug|Any CPU.Build.0 = Debug|Any CPU
		{5BA7170C-2118-4F0E-89BD-D85833803F5D}.Release|Any CPU.ActiveCfg = Release|Any CPU
		{5BA7170C-2118-4F0E-89BD-D85833803F5D}.Release|Any CPU.Build.0 = Release|Any CPU
		{BF2D0EA5-B938-4D61-9C8F-958191BEC0B8}.Debug|Any CPU.ActiveCfg = Debug|Any CPU
		{BF2D0EA5-B938-4D61-9C8F-958191BEC0B8}.Debug|Any CPU.Build.0 = Debug|Any CPU
		{BF2D0EA5-B938-4D61-9C8F-958191BEC0B8}.Release|Any CPU.ActiveCfg = Release|Any CPU
		{BF2D0EA5-B938-4D61-9C8F-958191BEC0B8}.Release|Any CPU.Build.0 = Release|Any CPU
		{B3E466A7-90EA-470E-B78F-BF3D52A13095}.Debug|Any CPU.ActiveCfg = Debug|Any CPU
		{B3E466A7-90EA-470E-B78F-BF3D52A13095}.Debug|Any CPU.Build.0 = Debug|Any CPU
		{B3E466A7-90EA-470E-B78F-BF3D52A13095}.Release|Any CPU.ActiveCfg = Release|Any CPU
		{B3E466A7-90EA-470E-B78F-BF3D52A13095}.Release|Any CPU.Build.0 = Release|Any CPU
	EndGlobalSection
	GlobalSection(SolutionProperties) = preSolution
		HideSolutionNode = FALSE
	EndGlobalSection
	GlobalSection(NestedProjects) = preSolution
		{14E41669-BE85-49FB-99EA-D4FC62A17FB0} = {77497C41-7A05-4C5A-BAF0-15B81512DA90}
		{2CB06BE5-4F13-4E7B-ACBA-E3A2679C193F} = {BF05E753-B6E5-4BDC-929D-7EABD54C9C52}
		{8409B733-D147-48D8-A7C3-0E9B98C1769C} = {0518F331-F8F3-4218-94BB-5E3ABDB4ECCB}
		{5BA7170C-2118-4F0E-89BD-D85833803F5D} = {986784F6-76F1-4B04-883B-9CA9AB368AD5}
		{BF2D0EA5-B938-4D61-9C8F-958191BEC0B8} = {3A61DF1C-FCD6-46C8-A695-2527ECB0D7E7}
		{B3E466A7-90EA-470E-B78F-BF3D52A13095} = {140EF980-A06A-403F-A753-2E3DE82994FE}
	EndGlobalSection
	GlobalSection(ExtensibilityGlobals) = postSolution
		SolutionGuid = {2E5EAE0C-1422-4CEB-91DD-BA097FD4E184}
	EndGlobalSection
EndGlobal
